
Microsoft Visual Studio Solution File, Format Version 12.00
# Visual Studio Version 16
VisualStudioVersion = 16.0.30804.86
MinimumVisualStudioVersion = 10.0.40219.1
Project("{FAE04EC0-301F-11D3-BF4B-00C04F79EFBC}") = "Offline1", "Offline1\Offline1.csproj", "{66AA2D89-94E3-4243-AFA1-2E4C7A29F7B6}"
EndProject
Global
	GlobalSection(SolutionConfigurationPlatforms) = preSolution
		Debug|Any CPU = Debug|Any CPU
		Release|Any CPU = Release|Any CPU
	EndGlobalSection
	GlobalSection(ProjectConfigurationPlatforms) = postSolution
		{66AA2D89-94E3-4243-AFA1-2E4C7A29F7B6}.Debug|Any CPU.ActiveCfg = Debug|Any CPU
		{66AA2D89-94E3-4243-AFA1-2E4C7A29F7B6}.Debug|Any CPU.Build.0 = Debug|Any CPU
		{66AA2D89-94E3-4243-AFA1-2E4C7A29F7B6}.Release|Any CPU.ActiveCfg = Release|Any CPU
		{66AA2D89-94E3-4243-AFA1-2E4C7A29F7B6}.Release|Any CPU.Build.0 = Release|Any CPU
	EndGlobalSection
	GlobalSection(SolutionProperties) = preSolution
		HideSolutionNode = FALSE
	EndGlobalSection
	GlobalSection(ExtensibilityGlobals) = postSolution
		SolutionGuid = {26685F3D-FAB0-4108-8738-7590AB14614B}
	EndGlobalSection
EndGlobal
